
Microsoft Visual Studio Solution File, Format Version 12.00
# Visual Studio Version 17
VisualStudioVersion = 17.14.37203.1
MinimumVisualStudioVersion = 10.0.40219.1
Project("{FAE04EC0-301F-11D3-BF4B-00C04F79EFBC}") = "Mecalux_WPFChallenge", "Mecalux_WPFChallenge\Mecalux_WPFChallenge.csproj", "{D0538756-CC9D-4374-AF75-34C215E7FE1E}"
EndProject
Project("{FAE04EC0-301F-11D3-BF4B-00C04F79EFBC}") = "Entidades", "Entidades\Entidades.csproj", "{A45D6C32-FC8F-4D5B-913A-8ECCDAE3475B}"
EndProject
Project("{FAE04EC0-301F-11D3-BF4B-00C04F79EFBC}") = "Repositorio", "Repositorio\Repositorio.csproj", "{45E9F803-2893-4ECB-9543-38CE014FFCCC}"
EndProject
Project("{FAE04EC0-301F-11D3-BF4B-00C04F79EFBC}") = "Negocio", "Negocio\Negocio.csproj", "{49CF7098-70B4-498B-ABED-B48ABF3B17D6}"
EndProject
Project("{2150E333-8FDC-42A3-9474-1A3956D46DE8}") = "Elementos de la solución", "Elementos de la solución", "{D107F4C8-89CC-BEA8-D3D7-CA6B7733353D}"
	ProjectSection(SolutionItems) = preProject
		.gitignore = .gitignore
	EndProjectSection
EndProject
Project("{FAE04EC0-301F-11D3-BF4B-00C04F79EFBC}") = "Pruebas", "Pruebas\Pruebas.csproj", "{4FCE65C8-1332-46DA-982D-15E2F2E6F0BD}"
EndProject
Global
	GlobalSection(SolutionConfigurationPlatforms) = preSolution
		Debug|Any CPU = Debug|Any CPU
		Release|Any CPU = Release|Any CPU
	EndGlobalSection
	GlobalSection(ProjectConfigurationPlatforms) = postSolution
		{D0538756-CC9D-4374-AF75-34C215E7FE1E}.Debug|Any CPU.ActiveCfg = Debug|Any CPU
		{D0538756-CC9D-4374-AF75-34C215E7FE1E}.Debug|Any CPU.Build.0 = Debug|Any CPU
		{D0538756-CC9D-4374-AF75-34C215E7FE1E}.Release|Any CPU.ActiveCfg = Release|Any CPU
		{D0538756-CC9D-4374-AF75-34C215E7FE1E}.Release|Any CPU.Build.0 = Release|Any CPU
		{A45D6C32-FC8F-4D5B-913A-8ECCDAE3475B}.Debug|Any CPU.ActiveCfg = Debug|Any CPU
		{A45D6C32-FC8F-4D5B-913A-8ECCDAE3475B}.Debug|Any CPU.Build.0 = Debug|Any CPU
		{A45D6C32-FC8F-4D5B-913A-8ECCDAE3475B}.Release|Any CPU.ActiveCfg = Release|Any CPU
		{A45D6C32-FC8F-4D5B-913A-8ECCDAE3475B}.Release|Any CPU.Build.0 = Release|Any CPU
		{45E9F803-2893-4ECB-9543-38CE014FFCCC}.Debug|Any CPU.ActiveCfg = Debug|Any CPU
		{45E9F803-2893-4ECB-9543-38CE014FFCCC}.Debug|Any CPU.Build.0 = Debug|Any CPU
		{45E9F803-2893-4ECB-9543-38CE014FFCCC}.Release|Any CPU.ActiveCfg = Release|Any CPU
		{45E9F803-2893-4ECB-9543-38CE014FFCCC}.Release|Any CPU.Build.0 = Release|Any CPU
		{49CF7098-70B4-498B-ABED-B48ABF3B17D6}.Debug|Any CPU.ActiveCfg = Debug|Any CPU
		{49CF7098-70B4-498B-ABED-B48ABF3B17D6}.Debug|Any CPU.Build.0 = Debug|Any CPU
		{49CF7098-70B4-498B-ABED-B48ABF3B17D6}.Release|Any CPU.ActiveCfg = Release|Any CPU
		{49CF7098-70B4-498B-ABED-B48ABF3B17D6}.Release|Any CPU.Build.0 = Release|Any CPU
		{4FCE65C8-1332-46DA-982D-15E2F2E6F0BD}.Debug|Any CPU.ActiveCfg = Debug|Any CPU
		{4FCE65C8-1332-46DA-982D-15E2F2E6F0BD}.Debug|Any CPU.Build.0 = Debug|Any CPU
		{4FCE65C8-1332-46DA-982D-15E2F2E6F0BD}.Release|Any CPU.ActiveCfg = Release|Any CPU
		{4FCE65C8-1332-46DA-982D-15E2F2E6F0BD}.Release|Any CPU.Build.0 = Release|Any CPU
	EndGlobalSection
	GlobalSection(SolutionProperties) = preSolution
		HideSolutionNode = FALSE
	EndGlobalSection
	GlobalSection(ExtensibilityGlobals) = postSolution
		SolutionGuid = {F67D6A94-D7E1-4BA5-BB7B-D352199598CE}
	EndGlobalSection
EndGlobal
